
Microsoft Visual Studio Solution File, Format Version 12.00
# Visual Studio Version 17
VisualStudioVersion = 17.4.33122.133
MinimumVisualStudioVersion = 10.0.40219.1
Project("{FAE04EC0-301F-11D3-BF4B-00C04F79EFBC}") = "VINCENT GAS", "GAS TO GO\VINCENT GAS.csproj", "{DEAB4FA3-34A1-4674-B762-E8622008FC2B}"
EndProject
Global
	GlobalSection(SolutionConfigurationPlatforms) = preSolution
		Debug|Any CPU = Debug|Any CPU
		Release|Any CPU = Release|Any CPU
	EndGlobalSection
	GlobalSection(ProjectConfigurationPlatforms) = postSolution
		{DEAB4FA3-34A1-4674-B762-E8622008FC2B}.Debug|Any CPU.ActiveCfg = Debug|Any CPU
		{DEAB4FA3-34A1-4674-B762-E8622008FC2B}.Debug|Any CPU.Build.0 = Debug|Any CPU
		{DEAB4FA3-34A1-4674-B762-E8622008FC2B}.Release|Any CPU.ActiveCfg = Release|Any CPU
		{DEAB4FA3-34A1-4674-B762-E8622008FC2B}.Release|Any CPU.Build.0 = Release|Any CPU
	EndGlobalSection
	GlobalSection(SolutionProperties) = preSolution
		HideSolutionNode = FALSE
	EndGlobalSection
	GlobalSection(ExtensibilityGlobals) = postSolution
		SolutionGuid = {7E2C696C-7D13-4948-BF1D-61DABFEFF57B}
	EndGlobalSection
EndGlobal
